Microsoft Visual Studio Solution File, Format Version 11.00
# Visual Studio 2008

Project("{A981E92A-F66F-7A43-93AD-EA1AAE37DD73}") = "2021250625_Assignment4", "Assembly-CSharp.csproj", "{3C8BE20F-0F09-A4DF-BF73-30120E269F09}"
EndProject
Global
	GlobalSection(SolutionConfigurationPlatforms) = preSolution
		Debug|Any CPU = Debug|Any CPU
		Release|Any CPU = Release|Any CPU
	EndGlobalSection
	GlobalSection(ProjectConfigurationPlatforms) = postSolution
		{3C8BE20F-0F09-A4DF-BF73-30120E269F09}.Debug|Any CPU.ActiveCfg = Debug|Any CPU
		{3C8BE20F-0F09-A4DF-BF73-30120E269F09}.Debug|Any CPU.Build.0 = Debug|Any CPU
		{3C8BE20F-0F09-A4DF-BF73-30120E269F09}.Release|Any CPU.ActiveCfg = Release|Any CPU
		{3C8BE20F-0F09-A4DF-BF73-30120E269F09}.Release|Any CPU.Build.0 = Release|Any CPU
	EndGlobalSection
	GlobalSection(SolutionProperties) = preSolution
		HideSolutionNode = FALSE
	EndGlobalSection
	GlobalSection(MonoDevelopProperties) = preSolution
		StartupItem = Assembly-CSharp.csproj
	EndGlobalSection
EndGlobal
